
Microsoft Visual Studio Solution File, Format Version 12.00
# Visual Studio Version 17
VisualStudioVersion = 17.2.32505.173
MinimumVisualStudioVersion = 10.0.40219.1
Project("{9A19103F-16F7-4668-BE54-9A1E7A4F7556}") = "FI_Domain_Core", "FI_Domain\FI_Domain_Core.csproj", "{7330B29C-BF4C-4E07-A6EF-EC12CBB483D3}"
EndProject
Project("{9A19103F-16F7-4668-BE54-9A1E7A4F7556}") = "FI_Domain_Aggregate", "FI_Domain_Aggregate\FI_Domain_Aggregate.csproj", "{FA87953F-DD5F-4DE5-8AE5-C499EA6A787D}"
EndProject
Project("{2150E333-8FDC-42A3-9474-1A3956D46DE8}") = "Domain", "Domain", "{856A09B4-7244-40E6-8D3F-3BE80EE1E0EF}"
EndProject
Project("{2150E333-8FDC-42A3-9474-1A3956D46DE8}") = "Core", "Core", "{9748AC21-D180-4F41-99AD-5DB86585D77A}"
EndProject
Project("{2150E333-8FDC-42A3-9474-1A3956D46DE8}") = "Aplication", "Aplication", "{2E395C6B-720C-4D37-B391-4087849757FB}"
EndProject
Project("{9A19103F-16F7-4668-BE54-9A1E7A4F7556}") = "FI_Aplication_Aggregate", "FI_Aplication_Aggregate\FI_Aplication_Aggregate.csproj", "{AE66C3E9-000D-4FDE-8994-AF9D1AD254FA}"
EndProject
Project("{9A19103F-16F7-4668-BE54-9A1E7A4F7556}") = "FI_Aplication_Core", "FI_Aplication_Core\FI_Aplication_Core.csproj", "{2FE4A132-5075-49A2-B08B-318558142E9D}"
EndProject
Project("{9A19103F-16F7-4668-BE54-9A1E7A4F7556}") = "FI_Aplication_Implementation", "FI_Aplication_Implementation\FI_Aplication_Implementation.csproj", "{F3BA82A7-E59D-44AC-8BF4-FCFFD8D7CB35}"
EndProject
Project("{2150E333-8FDC-42A3-9474-1A3956D46DE8}") = "infrastructure", "infrastructure", "{6840AA48-8B99-42F5-AA70-4170C8E67D63}"
EndProject
Project("{9A19103F-16F7-4668-BE54-9A1E7A4F7556}") = "FI_Infra_Data_Core", "FI_Infra_Core\FI_Infra_Data_Core.csproj", "{1EC97587-0E5B-48DF-AF02-4008BF7267A3}"
EndProject
Project("{9A19103F-16F7-4668-BE54-9A1E7A4F7556}") = "FI_Infra_Data_Repository", "FI_Infra_Repository\FI_Infra_Data_Repository.csproj", "{B892FD2C-D4A9-4409-AF4A-1A4A2660AE10}"
EndProject
Project("{9A19103F-16F7-4668-BE54-9A1E7A4F7556}") = "FI_Infra_Data_Implementation", "FI_Infra_Implementation\FI_Infra_Data_Implementation.csproj", "{9D37B96D-3FD2-4DAB-B50D-F46607ED40C5}"
EndProject
Project("{2150E333-8FDC-42A3-9474-1A3956D46DE8}") = "UI", "UI", "{061E3117-C3D8-4D5C-8EBD-2EA35C7D51A0}"
EndProject
Project("{9A19103F-16F7-4668-BE54-9A1E7A4F7556}") = "FI_AddTask", "FI_AddTask\FI_AddTask.csproj", "{5BFBE91A-B878-4C16-958E-DB2B22D377A5}"
EndProject
Project("{2150E333-8FDC-42A3-9474-1A3956D46DE8}") = "Data", "Data", "{F6262EF2-C513-43EB-B43A-AC80EB6F3084}"
EndProject
Project("{2150E333-8FDC-42A3-9474-1A3956D46DE8}") = "Tools", "Tools", "{136554D8-F76F-497E-B7F6-5CB8727099ED}"
EndProject
Project("{9A19103F-16F7-4668-BE54-9A1E7A4F7556}") = "FI_Infra_Tools_Core", "FI_Infra_Tools_Core\FI_Infra_Tools_Core.csproj", "{57A99BC8-A88C-40FC-904E-61394AEDE896}"
EndProject
Project("{9A19103F-16F7-4668-BE54-9A1E7A4F7556}") = "FI_Infra_Tools_Aggregate", "FI_Infra_Tools_Aggregate\FI_Infra_Tools_Aggregate.csproj", "{E3D9E316-B9EC-4A22-84DE-4EF570F5A92D}"
EndProject
Project("{9A19103F-16F7-4668-BE54-9A1E7A4F7556}") = "FI_Infra_Tools_Implementation", "FI_Infra_Tools_Implementation\FI_Infra_Tools_Implementation.csproj", "{8ADF66B4-D998-40EC-880F-68852576790B}"
EndProject
Project("{9A19103F-16F7-4668-BE54-9A1E7A4F7556}") = "FI_Aplication_Events_Domain", "FI_Aplication_Events_Domain\FI_Aplication_Events_Domain.csproj", "{8E36F697-AC23-4ECF-92F2-F3A18DEB1C75}"
EndProject
Project("{9A19103F-16F7-4668-BE54-9A1E7A4F7556}") = "FI_GetTasks", "FI_GetTasks\FI_GetTasks.csproj", "{20F92D00-F245-456F-90D1-A3C091C9F89A}"
EndProject
Project("{9A19103F-16F7-4668-BE54-9A1E7A4F7556}") = "FI_UpdateTask", "FI_UpdateTask\FI_UpdateTask.csproj", "{CE2EEF04-0C61-43BF-B79E-67F3B0EAE7AC}"
EndProject
Project("{9A19103F-16F7-4668-BE54-9A1E7A4F7556}") = "FI_DeleteTask", "FI_DeleteTask\FI_DeleteTask.csproj", "{DB5968E8-5162-43B2-AF30-7C7A9EB1D36B}"
EndProject
Project("{2150E333-8FDC-42A3-9474-1A3956D46DE8}") = "Task", "Task", "{F593FD1C-FA1A-4257-8BE3-7BB04C76D2A7}"
EndProject
Project("{2150E333-8FDC-42A3-9474-1A3956D46DE8}") = "Commands", "Commands", "{82DA79DC-AB0D-4598-B564-DD50A4285F56}"
EndProject
Project("{2150E333-8FDC-42A3-9474-1A3956D46DE8}") = "Queries", "Queries", "{563B3A9C-EE58-4500-957F-F5407CED13C9}"
EndProject
Global
	GlobalSection(SolutionConfigurationPlatforms) = preSolution
		Debug|Any CPU = Debug|Any CPU
		Release|Any CPU = Release|Any CPU
	EndGlobalSection
	GlobalSection(ProjectConfigurationPlatforms) = postSolution
		{7330B29C-BF4C-4E07-A6EF-EC12CBB483D3}.Debug|Any CPU.ActiveCfg = Debug|Any CPU
		{7330B29C-BF4C-4E07-A6EF-EC12CBB483D3}.Debug|Any CPU.Build.0 = Debug|Any CPU
		{7330B29C-BF4C-4E07-A6EF-EC12CBB483D3}.Release|Any CPU.ActiveCfg = Release|Any CPU
		{7330B29C-BF4C-4E07-A6EF-EC12CBB483D3}.Release|Any CPU.Build.0 = Release|Any CPU
		{FA87953F-DD5F-4DE5-8AE5-C499EA6A787D}.Debug|Any CPU.ActiveCfg = Debug|Any CPU
		{FA87953F-DD5F-4DE5-8AE5-C499EA6A787D}.Debug|Any CPU.Build.0 = Debug|Any CPU
		{FA87953F-DD5F-4DE5-8AE5-C499EA6A787D}.Release|Any CPU.ActiveCfg = Release|Any CPU
		{FA87953F-DD5F-4DE5-8AE5-C499EA6A787D}.Release|Any CPU.Build.0 = Release|Any CPU
		{AE66C3E9-000D-4FDE-8994-AF9D1AD254FA}.Debug|Any CPU.ActiveCfg = Debug|Any CPU
		{AE66C3E9-000D-4FDE-8994-AF9D1AD254FA}.Debug|Any CPU.Build.0 = Debug|Any CPU
		{AE66C3E9-000D-4FDE-8994-AF9D1AD254FA}.Release|Any CPU.ActiveCfg = Release|Any CPU
		{AE66C3E9-000D-4FDE-8994-AF9D1AD254FA}.Release|Any CPU.Build.0 = Release|Any CPU
		{2FE4A132-5075-49A2-B08B-318558142E9D}.Debug|Any CPU.ActiveCfg = Debug|Any CPU
		{2FE4A132-5075-49A2-B08B-318558142E9D}.Debug|Any CPU.Build.0 = Debug|Any CPU
		{2FE4A132-5075-49A2-B08B-318558142E9D}.Release|Any CPU.ActiveCfg = Release|Any CPU
		{2FE4A132-5075-49A2-B08B-318558142E9D}.Release|Any CPU.Build.0 = Release|Any CPU
		{F3BA82A7-E59D-44AC-8BF4-FCFFD8D7CB35}.Debug|Any CPU.ActiveCfg = Debug|Any CPU
		{F3BA82A7-E59D-44AC-8BF4-FCFFD8D7CB35}.Debug|Any CPU.Build.0 = Debug|Any CPU
		{F3BA82A7-E59D-44AC-8BF4-FCFFD8D7CB35}.Release|Any CPU.ActiveCfg = Release|Any CPU
		{F3BA82A7-E59D-44AC-8BF4-FCFFD8D7CB35}.Release|Any CPU.Build.0 = Release|Any CPU
		{1EC97587-0E5B-48DF-AF02-4008BF7267A3}.Debug|Any CPU.ActiveCfg = Debug|Any CPU
		{1EC97587-0E5B-48DF-AF02-4008BF7267A3}.Debug|Any CPU.Build.0 = Debug|Any CPU
		{1EC97587-0E5B-48DF-AF02-4008BF7267A3}.Release|Any CPU.ActiveCfg = Release|Any CPU
		{1EC97587-0E5B-48DF-AF02-4008BF7267A3}.Release|Any CPU.Build.0 = Release|Any CPU
		{B892FD2C-D4A9-4409-AF4A-1A4A2660AE10}.Debug|Any CPU.ActiveCfg = Debug|Any CPU
		{B892FD2C-D4A9-4409-AF4A-1A4A2660AE10}.Debug|Any CPU.Build.0 = Debug|Any CPU
		{B892FD2C-D4A9-4409-AF4A-1A4A2660AE10}.Release|Any CPU.ActiveCfg = Release|Any CPU
		{B892FD2C-D4A9-4409-AF4A-1A4A2660AE10}.Release|Any CPU.Build.0 = Release|Any CPU
		{9D37B96D-3FD2-4DAB-B50D-F46607ED40C5}.Debug|Any CPU.ActiveCfg = Debug|Any CPU
		{9D37B96D-3FD2-4DAB-B50D-F46607ED40C5}.Debug|Any CPU.Build.0 = Debug|Any CPU
		{9D37B96D-3FD2-4DAB-B50D-F46607ED40C5}.Release|Any CPU.ActiveCfg = Release|Any CPU
		{9D37B96D-3FD2-4DAB-B50D-F46607ED40C5}.Release|Any CPU.Build.0 = Release|Any CPU
		{5BFBE91A-B878-4C16-958E-DB2B22D377A5}.Debug|Any CPU.ActiveCfg = Debug|Any CPU
		{5BFBE91A-B878-4C16-958E-DB2B22D377A5}.Debug|Any CPU.Build.0 = Debug|Any CPU
		{5BFBE91A-B878-4C16-958E-DB2B22D377A5}.Release|Any CPU.ActiveCfg = Release|Any CPU
		{5BFBE91A-B878-4C16-958E-DB2B22D377A5}.Release|Any CPU.Build.0 = Release|Any CPU
		{57A99BC8-A88C-40FC-904E-61394AEDE896}.Debug|Any CPU.ActiveCfg = Debug|Any CPU
		{57A99BC8-A88C-40FC-904E-61394AEDE896}.Debug|Any CPU.Build.0 = Debug|Any CPU
		{57A99BC8-A88C-40FC-904E-61394AEDE896}.Release|Any CPU.ActiveCfg = Release|Any CPU
		{57A99BC8-A88C-40FC-904E-61394AEDE896}.Release|Any CPU.Build.0 = Release|Any CPU
		{E3D9E316-B9EC-4A22-84DE-4EF570F5A92D}.Debug|Any CPU.ActiveCfg = Debug|Any CPU
		{E3D9E316-B9EC-4A22-84DE-4EF570F5A92D}.Debug|Any CPU.Build.0 = Debug|Any CPU
		{E3D9E316-B9EC-4A22-84DE-4EF570F5A92D}.Release|Any CPU.ActiveCfg = Release|Any CPU
		{E3D9E316-B9EC-4A22-84DE-4EF570F5A92D}.Release|Any CPU.Build.0 = Release|Any CPU
		{8ADF66B4-D998-40EC-880F-68852576790B}.Debug|Any CPU.ActiveCfg = Debug|Any CPU
		{8ADF66B4-D998-40EC-880F-68852576790B}.Debug|Any CPU.Build.0 = Debug|Any CPU
		{8ADF66B4-D998-40EC-880F-68852576790B}.Release|Any CPU.ActiveCfg = Release|Any CPU
		{8ADF66B4-D998-40EC-880F-68852576790B}.Release|Any CPU.Build.0 = Release|Any CPU
		{8E36F697-AC23-4ECF-92F2-F3A18DEB1C75}.Debug|Any CPU.ActiveCfg = Debug|Any CPU
		{8E36F697-AC23-4ECF-92F2-F3A18DEB1C75}.Debug|Any CPU.Build.0 = Debug|Any CPU
		{8E36F697-AC23-4ECF-92F2-F3A18DEB1C75}.Release|Any CPU.ActiveCfg = Release|Any CPU
		{8E36F697-AC23-4ECF-92F2-F3A18DEB1C75}.Release|Any CPU.Build.0 = Release|Any CPU
		{20F92D00-F245-456F-90D1-A3C091C9F89A}.Debug|Any CPU.ActiveCfg = Debug|Any CPU
		{20F92D00-F245-456F-90D1-A3C091C9F89A}.Debug|Any CPU.Build.0 = Debug|Any CPU
		{20F92D00-F245-456F-90D1-A3C091C9F89A}.Release|Any CPU.ActiveCfg = Release|Any CPU
		{20F92D00-F245-456F-90D1-A3C091C9F89A}.Release|Any CPU.Build.0 = Release|Any CPU
		{CE2EEF04-0C61-43BF-B79E-67F3B0EAE7AC}.Debug|Any CPU.ActiveCfg = Debug|Any CPU
		{CE2EEF04-0C61-43BF-B79E-67F3B0EAE7AC}.Debug|Any CPU.Build.0 = Debug|Any CPU
		{CE2EEF04-0C61-43BF-B79E-67F3B0EAE7AC}.Release|Any CPU.ActiveCfg = Release|Any CPU
		{CE2EEF04-0C61-43BF-B79E-67F3B0EAE7AC}.Release|Any CPU.Build.0 = Release|Any CPU
		{DB5968E8-5162-43B2-AF30-7C7A9EB1D36B}.Debug|Any CPU.ActiveCfg = Debug|Any CPU
		{DB5968E8-5162-43B2-AF30-7C7A9EB1D36B}.Debug|Any CPU.Build.0 = Debug|Any CPU
		{DB5968E8-5162-43B2-AF30-7C7A9EB1D36B}.Release|Any CPU.ActiveCfg = Release|Any CPU
		{DB5968E8-5162-43B2-AF30-7C7A9EB1D36B}.Release|Any CPU.Build.0 = Release|Any CPU
	EndGlobalSection
	GlobalSection(SolutionProperties) = preSolution
		HideSolutionNode = FALSE
	EndGlobalSection
	GlobalSection(NestedProjects) = preSolution
		{7330B29C-BF4C-4E07-A6EF-EC12CBB483D3} = {856A09B4-7244-40E6-8D3F-3BE80EE1E0EF}
		{FA87953F-DD5F-4DE5-8AE5-C499EA6A787D} = {856A09B4-7244-40E6-8D3F-3BE80EE1E0EF}
		{856A09B4-7244-40E6-8D3F-3BE80EE1E0EF} = {9748AC21-D180-4F41-99AD-5DB86585D77A}
		{2E395C6B-720C-4D37-B391-4087849757FB} = {9748AC21-D180-4F41-99AD-5DB86585D77A}
		{AE66C3E9-000D-4FDE-8994-AF9D1AD254FA} = {2E395C6B-720C-4D37-B391-4087849757FB}
		{2FE4A132-5075-49A2-B08B-318558142E9D} = {2E395C6B-720C-4D37-B391-4087849757FB}
		{F3BA82A7-E59D-44AC-8BF4-FCFFD8D7CB35} = {2E395C6B-720C-4D37-B391-4087849757FB}
		{6840AA48-8B99-42F5-AA70-4170C8E67D63} = {9748AC21-D180-4F41-99AD-5DB86585D77A}
		{1EC97587-0E5B-48DF-AF02-4008BF7267A3} = {F6262EF2-C513-43EB-B43A-AC80EB6F3084}
		{B892FD2C-D4A9-4409-AF4A-1A4A2660AE10} = {F6262EF2-C513-43EB-B43A-AC80EB6F3084}
		{9D37B96D-3FD2-4DAB-B50D-F46607ED40C5} = {F6262EF2-C513-43EB-B43A-AC80EB6F3084}
		{5BFBE91A-B878-4C16-958E-DB2B22D377A5} = {82DA79DC-AB0D-4598-B564-DD50A4285F56}
		{F6262EF2-C513-43EB-B43A-AC80EB6F3084} = {6840AA48-8B99-42F5-AA70-4170C8E67D63}
		{136554D8-F76F-497E-B7F6-5CB8727099ED} = {6840AA48-8B99-42F5-AA70-4170C8E67D63}
		{57A99BC8-A88C-40FC-904E-61394AEDE896} = {136554D8-F76F-497E-B7F6-5CB8727099ED}
		{E3D9E316-B9EC-4A22-84DE-4EF570F5A92D} = {136554D8-F76F-497E-B7F6-5CB8727099ED}
		{8ADF66B4-D998-40EC-880F-68852576790B} = {136554D8-F76F-497E-B7F6-5CB8727099ED}
		{8E36F697-AC23-4ECF-92F2-F3A18DEB1C75} = {2E395C6B-720C-4D37-B391-4087849757FB}
		{20F92D00-F245-456F-90D1-A3C091C9F89A} = {563B3A9C-EE58-4500-957F-F5407CED13C9}
		{CE2EEF04-0C61-43BF-B79E-67F3B0EAE7AC} = {82DA79DC-AB0D-4598-B564-DD50A4285F56}
		{DB5968E8-5162-43B2-AF30-7C7A9EB1D36B} = {82DA79DC-AB0D-4598-B564-DD50A4285F56}
		{F593FD1C-FA1A-4257-8BE3-7BB04C76D2A7} = {061E3117-C3D8-4D5C-8EBD-2EA35C7D51A0}
		{82DA79DC-AB0D-4598-B564-DD50A4285F56} = {F593FD1C-FA1A-4257-8BE3-7BB04C76D2A7}
		{563B3A9C-EE58-4500-957F-F5407CED13C9} = {F593FD1C-FA1A-4257-8BE3-7BB04C76D2A7}
	EndGlobalSection
	GlobalSection(ExtensibilityGlobals) = postSolution
		SolutionGuid = {DEA44FDA-EFEC-4B8C-81D7-8ABC6531604D}
	EndGlobalSection
EndGlobal
